
Microsoft Visual Studio Solution File, Format Version 12.00
# Visual Studio Version 17
VisualStudioVersion = 17.2.32516.85
MinimumVisualStudioVersion = 10.0.40219.1
Project("{9A19103F-16F7-4668-BE54-9A1E7A4F7556}") = "Repackinator", "Repackinator\Repackinator.csproj", "{C71EBB5C-F260-468D-B1BD-7FCF18450FD1}"
EndProject
Project("{9A19103F-16F7-4668-BE54-9A1E7A4F7556}") = "Resurgent.UtilityBelt.Library", "Resurgent.UtilityBelt.Library\Resurgent.UtilityBelt.Library.csproj", "{7C3C1130-944E-4669-8FF6-4600D2830257}"
EndProject
Project("{9A19103F-16F7-4668-BE54-9A1E7A4F7556}") = "RepackinatorUI", "RepackinatorUI\RepackinatorUI.csproj", "{A1A300BE-217C-4677-97A7-A0AD213A367F}"
EndProject
Project("{9A19103F-16F7-4668-BE54-9A1E7A4F7556}") = "Repackinator.Shared", "Repackinator.Shared\Repackinator.Shared.csproj", "{5AE43F16-3DC2-4ECC-B6DC-55288E00849D}"
EndProject
Project("{9A19103F-16F7-4668-BE54-9A1E7A4F7556}") = "SevenZipExtractor", "SevenZipExtractor\SevenZipExtractor.csproj", "{A46CAB6C-797E-42E0-A277-5AD69C03DD62}"
EndProject
Global
	GlobalSection(SolutionConfigurationPlatforms) = preSolution
		Debug|Any CPU = Debug|Any CPU
		Debug|x64 = Debug|x64
		Release|Any CPU = Release|Any CPU
		Release|x64 = Release|x64
	EndGlobalSection
	GlobalSection(ProjectConfigurationPlatforms) = postSolution
		{C71EBB5C-F260-468D-B1BD-7FCF18450FD1}.Debug|Any CPU.ActiveCfg = Debug|Any CPU
		{C71EBB5C-F260-468D-B1BD-7FCF18450FD1}.Debug|Any CPU.Build.0 = Debug|Any CPU
		{C71EBB5C-F260-468D-B1BD-7FCF18450FD1}.Debug|x64.ActiveCfg = Debug|x64
		{C71EBB5C-F260-468D-B1BD-7FCF18450FD1}.Debug|x64.Build.0 = Debug|x64
		{C71EBB5C-F260-468D-B1BD-7FCF18450FD1}.Release|Any CPU.ActiveCfg = Release|Any CPU
		{C71EBB5C-F260-468D-B1BD-7FCF18450FD1}.Release|Any CPU.Build.0 = Release|Any CPU
		{C71EBB5C-F260-468D-B1BD-7FCF18450FD1}.Release|x64.ActiveCfg = Release|x64
		{C71EBB5C-F260-468D-B1BD-7FCF18450FD1}.Release|x64.Build.0 = Release|x64
		{7C3C1130-944E-4669-8FF6-4600D2830257}.Debug|Any CPU.ActiveCfg = Debug|Any CPU
		{7C3C1130-944E-4669-8FF6-4600D2830257}.Debug|Any CPU.Build.0 = Debug|Any CPU
		{7C3C1130-944E-4669-8FF6-4600D2830257}.Debug|x64.ActiveCfg = Debug|Any CPU
		{7C3C1130-944E-4669-8FF6-4600D2830257}.Debug|x64.Build.0 = Debug|Any CPU
		{7C3C1130-944E-4669-8FF6-4600D2830257}.Release|Any CPU.ActiveCfg = Release|Any CPU
		{7C3C1130-944E-4669-8FF6-4600D2830257}.Release|Any CPU.Build.0 = Release|Any CPU
		{7C3C1130-944E-4669-8FF6-4600D2830257}.Release|x64.ActiveCfg = Release|Any CPU
		{7C3C1130-944E-4669-8FF6-4600D2830257}.Release|x64.Build.0 = Release|Any CPU
		{A1A300BE-217C-4677-97A7-A0AD213A367F}.Debug|Any CPU.ActiveCfg = Debug|Any CPU
		{A1A300BE-217C-4677-97A7-A0AD213A367F}.Debug|Any CPU.Build.0 = Debug|Any CPU
		{A1A300BE-217C-4677-97A7-A0AD213A367F}.Debug|x64.ActiveCfg = Debug|Any CPU
		{A1A300BE-217C-4677-97A7-A0AD213A367F}.Debug|x64.Build.0 = Debug|Any CPU
		{A1A300BE-217C-4677-97A7-A0AD213A367F}.Release|Any CPU.ActiveCfg = Release|Any CPU
		{A1A300BE-217C-4677-97A7-A0AD213A367F}.Release|Any CPU.Build.0 = Release|Any CPU
		{A1A300BE-217C-4677-97A7-A0AD213A367F}.Release|x64.ActiveCfg = Release|Any CPU
		{A1A300BE-217C-4677-97A7-A0AD213A367F}.Release|x64.Build.0 = Release|Any CPU
		{5AE43F16-3DC2-4ECC-B6DC-55288E00849D}.Debug|Any CPU.ActiveCfg = Debug|Any CPU
		{5AE43F16-3DC2-4ECC-B6DC-55288E00849D}.Debug|Any CPU.Build.0 = Debug|Any CPU
		{5AE43F16-3DC2-4ECC-B6DC-55288E00849D}.Debug|x64.ActiveCfg = Debug|Any CPU
		{5AE43F16-3DC2-4ECC-B6DC-55288E00849D}.Debug|x64.Build.0 = Debug|Any CPU
		{5AE43F16-3DC2-4ECC-B6DC-55288E00849D}.Release|Any CPU.ActiveCfg = Release|Any CPU
		{5AE43F16-3DC2-4ECC-B6DC-55288E00849D}.Release|Any CPU.Build.0 = Release|Any CPU
		{5AE43F16-3DC2-4ECC-B6DC-55288E00849D}.Release|x64.ActiveCfg = Release|Any CPU
		{5AE43F16-3DC2-4ECC-B6DC-55288E00849D}.Release|x64.Build.0 = Release|Any CPU
		{A46CAB6C-797E-42E0-A277-5AD69C03DD62}.Debug|Any CPU.ActiveCfg = Debug|Any CPU
		{A46CAB6C-797E-42E0-A277-5AD69C03DD62}.Debug|Any CPU.Build.0 = Debug|Any CPU
		{A46CAB6C-797E-42E0-A277-5AD69C03DD62}.Debug|x64.ActiveCfg = Debug|Any CPU
		{A46CAB6C-797E-42E0-A277-5AD69C03DD62}.Debug|x64.Build.0 = Debug|Any CPU
		{A46CAB6C-797E-42E0-A277-5AD69C03DD62}.Release|Any CPU.ActiveCfg = Release|Any CPU
		{A46CAB6C-797E-42E0-A277-5AD69C03DD62}.Release|Any CPU.Build.0 = Release|Any CPU
		{A46CAB6C-797E-42E0-A277-5AD69C03DD62}.Release|x64.ActiveCfg = Release|Any CPU
		{A46CAB6C-797E-42E0-A277-5AD69C03DD62}.Release|x64.Build.0 = Release|Any CPU
	EndGlobalSection
	GlobalSection(SolutionProperties) = preSolution
		HideSolutionNode = FALSE
	EndGlobalSection
	GlobalSection(ExtensibilityGlobals) = postSolution
		SolutionGuid = {6ED018C6-1972-4FB0-B975-F508F78597CE}
	EndGlobalSection
EndGlobal
